{
  "name": "hyper-stack",
  "lockfileVersion": 3,
  "requires": true,
  "packages": {
    "": {
      "dependencies": {
        "hypercore": "^10.31.10"
      }
    },
    "node_modules/@hyperswarm/secret-stream": {
      "version": "6.2.0",
      "resolved": "https://registry.npmjs.org/@hyperswarm/secret-stream/-/secret-stream-6.2.0.tgz",
      "integrity": "sha512-eBoHJaw8KUNR1Zj8HzrlvZ+/RzSFXkZFBBovzgkso93D3DEVHrfP4ddhwbq7HQI8l5YnRYm4Obj+IsdX1PiT5w==",
      "dependencies": {
        "b4a": "^1.1.0",
        "hypercore-crypto": "^3.3.1",
        "noise-curve-ed": "^2.0.1",
        "noise-handshake": "^3.0.2",
        "sodium-secretstream": "^1.1.0",
        "sodium-universal": "^4.0.0",
        "streamx": "^2.14.0",
        "timeout-refresh": "^2.0.0"
      }
    },
    "node_modules/b4a": {
      "version": "1.6.4",
      "resolved": "https://registry.npmjs.org/b4a/-/b4a-1.6.4.tgz",
      "integrity": "sha512-fpWrvyVHEKyeEvbKZTVOeZF3VSKKWtJxFIxX/jaVPf+cLbGUSitjb49pHLqPV2BUNNZ0LcoeEGfE/YCpyDYHIw=="
    },
    "node_modules/big-sparse-array": {
      "version": "1.0.3",
      "resolved": "https://registry.npmjs.org/big-sparse-array/-/big-sparse-array-1.0.3.tgz",
      "integrity": "sha512-6RjV/3mSZORlMdpUaQ6rUSpG637cZm0//E54YYGtQg1c1O+AbZP8UTdJ/TchsDZcTVLmyWZcseBfp2HBeXUXOQ=="
    },
    "node_modules/blake2b": {
      "version": "2.1.4",
      "resolved": "https://registry.npmjs.org/blake2b/-/blake2b-2.1.4.tgz",
      "integrity": "sha512-AyBuuJNI64gIvwx13qiICz6H6hpmjvYS5DGkG6jbXMOT8Z3WUJ3V1X0FlhIoT1b/5JtHE3ki+xjtMvu1nn+t9A==",
      "dependencies": {
        "blake2b-wasm": "^2.4.0",
        "nanoassert": "^2.0.0"
      }
    },
    "node_modules/blake2b-wasm": {
      "version": "2.4.0",
      "resolved": "https://registry.npmjs.org/blake2b-wasm/-/blake2b-wasm-2.4.0.tgz",
      "integrity": "sha512-S1kwmW2ZhZFFFOghcx73+ZajEfKBqhP82JMssxtLVMxlaPea1p9uoLiUZ5WYyHn0KddwbLc+0vh4wR0KBNoT5w==",
      "dependencies": {
        "b4a": "^1.0.1",
        "nanoassert": "^2.0.0"
      }
    },
    "node_modules/chacha20-universal": {
      "version": "1.0.4",
      "resolved": "https://registry.npmjs.org/chacha20-universal/-/chacha20-universal-1.0.4.tgz",
      "integrity": "sha512-/IOxdWWNa7nRabfe7+oF+jVkGjlr2xUL4J8l/OvzZhj+c9RpMqoo3Dq+5nU1j/BflRV4BKnaQ4+4oH1yBpQG1Q==",
      "dependencies": {
        "nanoassert": "^2.0.0"
      }
    },
    "node_modules/compact-encoding": {
      "version": "2.13.0",
      "resolved": "https://registry.npmjs.org/compact-encoding/-/compact-encoding-2.13.0.tgz",
      "integrity": "sha512-Hnj8TW6tydYBhhc0dnNq3DsUTcOeiiCyqrZOp5Hwwu7GuCHnEl58YRsHy20DbsdPSqzlODqgXvTnJGY768gVKw==",
      "dependencies": {
        "b4a": "^1.3.0"
      }
    },
    "node_modules/crc-native": {
      "version": "1.0.7",
      "resolved": "https://registry.npmjs.org/crc-native/-/crc-native-1.0.7.tgz",
      "integrity": "sha512-BfjqzkyOHUp3g4xvfE8J1Sek4bg6zxGKq69lpiLvDkWz4UazNSAI8F9Tmr9sZmNASapxTwjQ6y1t8CLLTuM1pg==",
      "hasInstallScript": true,
      "optional": true,
      "dependencies": {
        "napi-macros": "^2.0.0",
        "node-gyp-build": "^4.2.3"
      }
    },
    "node_modules/crc-universal": {
      "version": "1.0.4",
      "resolved": "https://registry.npmjs.org/crc-universal/-/crc-universal-1.0.4.tgz",
      "integrity": "sha512-CE9xWEI6Gd5V0Bdmj5NoWH3d7+EIe4zUpy1sv6uvKYznzsDP1vhiWsTBmL6q9IrH2P6RRshp+8AkhR4CMtY5Hg==",
      "optionalDependencies": {
        "crc-native": "^1.0.3"
      }
    },
    "node_modules/events": {
      "version": "3.3.0",
      "resolved": "https://registry.npmjs.org/events/-/events-3.3.0.tgz",
      "integrity": "sha512-mQw+2fkQbALzQ7V0MY0IqdnXNOeTtP4r0lN9z7AAawCXgqea7bDii20AYrIBrFd/Hx0M2Ocz6S111CaFkUcb0Q==",
      "engines": {
        "node": ">=0.8.x"
      }
    },
    "node_modules/fast-fifo": {
      "version": "1.3.2",
      "resolved": "https://registry.npmjs.org/fast-fifo/-/fast-fifo-1.3.2.tgz",
      "integrity": "sha512-/d9sfos4yxzpwkDkuN7k2SqFKtYNmCTzgfEpz82x34IM9/zc8KGxQoXg1liNC/izpRM/MBdt44Nmx41ZWqk+FQ=="
    },
    "node_modules/flat-tree": {
      "version": "1.10.0",
      "resolved": "https://registry.npmjs.org/flat-tree/-/flat-tree-1.10.0.tgz",
      "integrity": "sha512-tbazIl4MxtOtkPRKVxripIkd0MTFBMGqEPBw1tV4tdgN8DIf/oMYRS3rkmObFw/b7zmaoWPjAbNDRz5QUgY/Ow=="
    },
    "node_modules/fs-native-extensions": {
      "version": "1.2.3",
      "resolved": "https://registry.npmjs.org/fs-native-extensions/-/fs-native-extensions-1.2.3.tgz",
      "integrity": "sha512-DwxIW9fs9o8py05YutQgFcsdcph7nlrg70ncUYXiWAgpAPFza+X7Q/vA2UeyBaK4ekcMmoNzuBVEtU8Ass7Wwg==",
      "hasInstallScript": true,
      "optional": true,
      "dependencies": {
        "napi-macros": "^2.0.0",
        "node-gyp-build": "^4.2.3"
      }
    },
    "node_modules/hypercore": {
      "version": "10.31.10",
      "resolved": "https://registry.npmjs.org/hypercore/-/hypercore-10.31.10.tgz",
      "integrity": "sha512-ALkSemxBbqEKPIvyiLAA3jMqyyY6LNrZmO+XToZHqOKCD9qyare97gTVxG4raz76WiZ0zpuLf+5YTl237+Mg2w==",
      "dependencies": {
        "@hyperswarm/secret-stream": "^6.0.0",
        "b4a": "^1.1.0",
        "big-sparse-array": "^1.0.3",
        "compact-encoding": "^2.11.0",
        "crc-universal": "^1.0.2",
        "events": "^3.3.0",
        "fast-fifo": "^1.3.0",
        "flat-tree": "^1.9.0",
        "hypercore-crypto": "^3.2.1",
        "hypercore-errors": "^1.1.0",
        "hypercore-id-encoding": "^1.2.0",
        "is-options": "^1.0.1",
        "protomux": "^3.5.0",
        "quickbit-universal": "^2.2.0",
        "random-access-file": "^4.0.0",
        "random-array-iterator": "^1.0.0",
        "safety-catch": "^1.0.1",
        "sodium-universal": "^4.0.0",
        "streamx": "^2.12.4",
        "xache": "^1.1.0",
        "z32": "^1.0.0"
      }
    },
    "node_modules/hypercore-crypto": {
      "version": "3.4.0",
      "resolved": "https://registry.npmjs.org/hypercore-crypto/-/hypercore-crypto-3.4.0.tgz",
      "integrity": "sha512-0cZA1B58p1J84TDbTh8DMMIj7Qr7Rzz8NyGIo+ykUhdwD21gtjiiLWoME92QvN+lgbfu0Zfr9vwxT8sRmyg+AA==",
      "dependencies": {
        "b4a": "^1.1.0",
        "compact-encoding": "^2.5.1",
        "sodium-universal": "^4.0.0"
      }
    },
    "node_modules/hypercore-errors": {
      "version": "1.1.0",
      "resolved": "https://registry.npmjs.org/hypercore-errors/-/hypercore-errors-1.1.0.tgz",
      "integrity": "sha512-pclEHYUmgveqyMObMrgwJ087VvqcRVfbaY7k9rNQ5C+3MADVSQu3f8SmoLkntDkOipm9+uELK3p8DbTGL54m8g=="
    },
    "node_modules/hypercore-id-encoding": {
      "version": "1.2.0",
      "resolved": "https://registry.npmjs.org/hypercore-id-encoding/-/hypercore-id-encoding-1.2.0.tgz",
      "integrity": "sha512-WqPBJ/HZ/sifoo9jYw/ZUr1Z1l4kll8hQwVdDhVqsDyYPj0c/Tl0ALLXbDxb9vcpKBV+WLgLqf8kVB0GcZU0Mg==",
      "dependencies": {
        "b4a": "^1.5.3",
        "z32": "^1.0.0"
      }
    },
    "node_modules/is-options": {
      "version": "1.0.2",
      "resolved": "https://registry.npmjs.org/is-options/-/is-options-1.0.2.tgz",
      "integrity": "sha512-u+Ai74c8Q74aS8BuHwPdI1jptGOT1FQXgCq8/zv0xRuE+wRgSMEJLj8lVO8Zp9BeGb29BXY6AsNPinfqjkr7Fg==",
      "dependencies": {
        "b4a": "^1.1.1"
      }
    },
    "node_modules/nanoassert": {
      "version": "2.0.0",
      "resolved": "https://registry.npmjs.org/nanoassert/-/nanoassert-2.0.0.tgz",
      "integrity": "sha512-7vO7n28+aYO4J+8w96AzhmU8G+Y/xpPDJz/se19ICsqj/momRbb9mh9ZUtkoJ5X3nTnPdhEJyc0qnM6yAsHBaA=="
    },
    "node_modules/napi-macros": {
      "version": "2.2.2",
      "resolved": "https://registry.npmjs.org/napi-macros/-/napi-macros-2.2.2.tgz",
      "integrity": "sha512-hmEVtAGYzVQpCKdbQea4skABsdXW4RUh5t5mJ2zzqowJS2OyXZTU1KhDVFhx+NlWZ4ap9mqR9TcDO3LTTttd+g==",
      "optional": true
    },
    "node_modules/node-gyp-build": {
      "version": "4.7.1",
      "resolved": "https://registry.npmjs.org/node-gyp-build/-/node-gyp-build-4.7.1.tgz",
      "integrity": "sha512-wTSrZ+8lsRRa3I3H8Xr65dLWSgCvY2l4AOnaeKdPA9TB/WYMPaTcrzf3rXvFoVvjKNVnu0CcWSx54qq9GKRUYg==",
      "bin": {
        "node-gyp-build": "bin.js",
        "node-gyp-build-optional": "optional.js",
        "node-gyp-build-test": "build-test.js"
      }
    },
    "node_modules/noise-curve-ed": {
      "version": "2.0.1",
      "resolved": "https://registry.npmjs.org/noise-curve-ed/-/noise-curve-ed-2.0.1.tgz",
      "integrity": "sha512-8HMZ40Wmarg8RQjVemLrjB49JSL6eGeOD+tlzaQW5/p+hNPfHFEMC3UZZ57zUqUprMuz6GN+gsPExpz2DWL+iA==",
      "dependencies": {
        "b4a": "^1.1.0",
        "nanoassert": "^2.0.0",
        "sodium-universal": "^4.0.0"
      }
    },
    "node_modules/noise-handshake": {
      "version": "3.0.3",
      "resolved": "https://registry.npmjs.org/noise-handshake/-/noise-handshake-3.0.3.tgz",
      "integrity": "sha512-fRhxQLW7uZmLS059VXA79j8eMxoYPBg7gMGBKqLbuipagTmvUT6xW46DeMsf3Y7LA4fmB9n24s6Vv/a1Q+y8UQ==",
      "dependencies": {
        "b4a": "^1.1.0",
        "nanoassert": "^2.0.0",
        "sodium-universal": "^4.0.0"
      }
    },
    "node_modules/protomux": {
      "version": "3.5.1",
      "resolved": "https://registry.npmjs.org/protomux/-/protomux-3.5.1.tgz",
      "integrity": "sha512-+ioDo9Cu5rTNQH9Or2UkXJRFPAZMzqr4gZFuyib8tTmy8YyZDCL2poP8dhc5JgJydTrj94jn1Dsp/C0ESpEtjQ==",
      "dependencies": {
        "b4a": "^1.3.1",
        "compact-encoding": "^2.5.1",
        "queue-tick": "^1.0.0",
        "safety-catch": "^1.0.1"
      }
    },
    "node_modules/queue-tick": {
      "version": "1.0.1",
      "resolved": "https://registry.npmjs.org/queue-tick/-/queue-tick-1.0.1.tgz",
      "integrity": "sha512-kJt5qhMxoszgU/62PLP1CJytzd2NKetjSRnyuj31fDd3Rlcz3fzlFdFLD1SItunPwyqEOkca6GbV612BWfaBag=="
    },
    "node_modules/quickbit-native": {
      "version": "2.2.0",
      "resolved": "https://registry.npmjs.org/quickbit-native/-/quickbit-native-2.2.0.tgz",
      "integrity": "sha512-/C5EOMP9Kyk+P7Z0+ipedppwhMkPA0SBj31Hk8xZQ/0rfKPLlafYJcxr+H942eIQ60xRif9c18B9OV0REfCWzg==",
      "hasInstallScript": true,
      "optional": true,
      "dependencies": {
        "b4a": "^1.6.0",
        "napi-macros": "^2.0.0",
        "node-gyp-build": "^4.2.3"
      }
    },
    "node_modules/quickbit-universal": {
      "version": "2.2.0",
      "resolved": "https://registry.npmjs.org/quickbit-universal/-/quickbit-universal-2.2.0.tgz",
      "integrity": "sha512-w02i1R8n7+6pEKTud8DfF8zbFY9o7RtPlUc3jWbtCkDKvhbx/AvV7oNnz4/TcmsPGpSJS+fq5Ud6RH6+YPvSGg==",
      "dependencies": {
        "b4a": "^1.6.0",
        "simdle-universal": "^1.1.0"
      },
      "optionalDependencies": {
        "quickbit-native": "^2.2.0"
      }
    },
    "node_modules/random-access-file": {
      "version": "4.0.4",
      "resolved": "https://registry.npmjs.org/random-access-file/-/random-access-file-4.0.4.tgz",
      "integrity": "sha512-1W21gZ8ne3RgPyTNpq8INr7feTY0+hPpV4X59yL9Miv5QiZV7U1QpRb/zEG2IuaojW9qVTeWBC19Ty0m0uqFBg==",
      "dependencies": {
        "random-access-storage": "^3.0.0"
      },
      "optionalDependencies": {
        "fs-native-extensions": "^1.1.0"
      }
    },
    "node_modules/random-access-storage": {
      "version": "3.0.1",
      "resolved": "https://registry.npmjs.org/random-access-storage/-/random-access-storage-3.0.1.tgz",
      "integrity": "sha512-raFoHJ/orMyur04GKrA+5ThOwhX9wICdqMDLqTM7bHEXPz7zi5MxLsLUaybxGu3b4mJTt8zhCpZHgjlu0x4wpg==",
      "dependencies": {
        "events": "^3.3.0",
        "queue-tick": "^1.0.0"
      }
    },
    "node_modules/random-array-iterator": {
      "version": "1.0.0",
      "resolved": "https://registry.npmjs.org/random-array-iterator/-/random-array-iterator-1.0.0.tgz",
      "integrity": "sha512-u7xCM93XqKEvPTP6xZp2ehttcAemKnh73oKNf1FvzuVCfpt6dILDt1Kxl1LeBjm2iNIeR49VGFhy4Iz3yOun+Q=="
    },
    "node_modules/safety-catch": {
      "version": "1.0.2",
      "resolved": "https://registry.npmjs.org/safety-catch/-/safety-catch-1.0.2.tgz",
      "integrity": "sha512-C1UYVZ4dtbBxEtvOcpjBaaD27nP8MlvyAQEp2fOTOEe6pfUpk1cDUxij6BR1jZup6rSyUTaBBplK7LanskrULA=="
    },
    "node_modules/sha256-universal": {
      "version": "1.2.1",
      "resolved": "https://registry.npmjs.org/sha256-universal/-/sha256-universal-1.2.1.tgz",
      "integrity": "sha512-ghn3muhdn1ailCQqqceNxRgkOeZSVfSE13RQWEg6njB+itsFzGVSJv+O//2hvNXZuxVIRyNzrgsZ37SPDdGJJw==",
      "dependencies": {
        "b4a": "^1.0.1",
        "sha256-wasm": "^2.2.1"
      }
    },
    "node_modules/sha256-wasm": {
      "version": "2.2.2",
      "resolved": "https://registry.npmjs.org/sha256-wasm/-/sha256-wasm-2.2.2.tgz",
      "integrity": "sha512-qKSGARvao+JQlFiA+sjJZhJ/61gmW/3aNLblB2rsgIxDlDxsJPHo8a1seXj12oKtuHVgJSJJ7QEGBUYQN741lQ==",
      "dependencies": {
        "b4a": "^1.0.1",
        "nanoassert": "^2.0.0"
      }
    },
    "node_modules/sha512-universal": {
      "version": "1.2.1",
      "resolved": "https://registry.npmjs.org/sha512-universal/-/sha512-universal-1.2.1.tgz",
      "integrity": "sha512-kehYuigMoRkIngCv7rhgruLJNNHDnitGTBdkcYbCbooL8Cidj/bS78MDxByIjcc69M915WxcQTgZetZ1JbeQTQ==",
      "dependencies": {
        "b4a": "^1.0.1",
        "sha512-wasm": "^2.3.1"
      }
    },
    "node_modules/sha512-wasm": {
      "version": "2.3.4",
      "resolved": "https://registry.npmjs.org/sha512-wasm/-/sha512-wasm-2.3.4.tgz",
      "integrity": "sha512-akWoxJPGCB3aZCrZ+fm6VIFhJ/p8idBv7AWGFng/CZIrQo51oQNsvDbTSRXWAzIiZJvpy16oIDiCCPqTe21sKg==",
      "dependencies": {
        "b4a": "^1.0.1",
        "nanoassert": "^2.0.0"
      }
    },
    "node_modules/simdle-native": {
      "version": "1.2.0",
      "resolved": "https://registry.npmjs.org/simdle-native/-/simdle-native-1.2.0.tgz",
      "integrity": "sha512-+lzydXTqqe8GWLcH4Tf4kAgrtJTDnIxAiU/a+Hs4QpLmEapgT4T0Acbauzc2Gq3Wt3XL5MthaBhrIMhZ2386Ww==",
      "hasInstallScript": true,
      "optional": true,
      "dependencies": {
        "b4a": "^1.6.0",
        "napi-macros": "^2.0.0",
        "node-gyp-build": "^4.2.3"
      }
    },
    "node_modules/simdle-universal": {
      "version": "1.1.2",
      "resolved": "https://registry.npmjs.org/simdle-universal/-/simdle-universal-1.1.2.tgz",
      "integrity": "sha512-3n3w1bs+uwgHKQjt6arez83EywNlhZzYvNOhvAASTl/8KqNIcqr6aHyGt3JRlfuUC7iB0tomJRPlJ2cRGIpBzA==",
      "dependencies": {
        "b4a": "^1.6.0"
      },
      "optionalDependencies": {
        "simdle-native": "^1.1.1"
      }
    },
    "node_modules/siphash24": {
      "version": "1.3.1",
      "resolved": "https://registry.npmjs.org/siphash24/-/siphash24-1.3.1.tgz",
      "integrity": "sha512-moemC3ZKiTzH29nbFo3Iw8fbemWWod4vNs/WgKbQ54oEs6mE6XVlguxvinYjB+UmaE0PThgyED9fUkWvirT8hA==",
      "dependencies": {
        "nanoassert": "^2.0.0"
      }
    },
    "node_modules/sodium-javascript": {
      "version": "0.8.0",
      "resolved": "https://registry.npmjs.org/sodium-javascript/-/sodium-javascript-0.8.0.tgz",
      "integrity": "sha512-rEBzR5mPxPES+UjyMDvKPIXy9ImF17KOJ32nJNi9uIquWpS/nfj+h6m05J5yLJaGXjgM72LmQoUbWZVxh/rmGg==",
      "dependencies": {
        "blake2b": "^2.1.1",
        "chacha20-universal": "^1.0.4",
        "nanoassert": "^2.0.0",
        "sha256-universal": "^1.1.0",
        "sha512-universal": "^1.1.0",
        "siphash24": "^1.0.1",
        "xsalsa20": "^1.0.0"
      }
    },
    "node_modules/sodium-native": {
      "version": "4.0.4",
      "resolved": "https://registry.npmjs.org/sodium-native/-/sodium-native-4.0.4.tgz",
      "integrity": "sha512-faqOKw4WQKK7r/ybn6Lqo1F9+L5T6NlBJJYvpxbZPetpWylUVqz449mvlwIBKBqxEHbWakWuOlUt8J3Qpc4sWw==",
      "hasInstallScript": true,
      "dependencies": {
        "node-gyp-build": "^4.6.0"
      }
    },
    "node_modules/sodium-secretstream": {
      "version": "1.1.0",
      "resolved": "https://registry.npmjs.org/sodium-secretstream/-/sodium-secretstream-1.1.0.tgz",
      "integrity": "sha512-Qg7D2xomELDjDCWAmE4izk1aecG/il8pQIGmSWFaKgah/V58BVWG/PuSZF6vseTpcqnetIFGaOWzmPNzyTD50A==",
      "dependencies": {
        "b4a": "^1.1.1",
        "sodium-universal": "^4.0.0"
      }
    },
    "node_modules/sodium-universal": {
      "version": "4.0.0",
      "resolved": "https://registry.npmjs.org/sodium-universal/-/sodium-universal-4.0.0.tgz",
      "integrity": "sha512-iKHl8XnBV96k1c75gwwzANFdephw/MDWSjQAjPmBE+du0y3P23Q8uf7AcdcfFsYAMwLg7WVBfSAIBtV/JvRsjA==",
      "dependencies": {
        "blake2b": "^2.1.1",
        "chacha20-universal": "^1.0.4",
        "nanoassert": "^2.0.0",
        "sha256-universal": "^1.1.0",
        "sha512-universal": "^1.1.0",
        "siphash24": "^1.0.1",
        "sodium-javascript": "~0.8.0",
        "sodium-native": "^4.0.0",
        "xsalsa20": "^1.0.0"
      }
    },
    "node_modules/streamx": {
      "version": "2.15.5",
      "resolved": "https://registry.npmjs.org/streamx/-/streamx-2.15.5.tgz",
      "integrity": "sha512-9thPGMkKC2GctCzyCUjME3yR03x2xNo0GPKGkRw2UMYN+gqWa9uqpyNWhmsNCutU5zHmkUum0LsCRQTXUgUCAg==",
      "dependencies": {
        "fast-fifo": "^1.1.0",
        "queue-tick": "^1.0.1"
      }
    },
    "node_modules/timeout-refresh": {
      "version": "2.0.1",
      "resolved": "https://registry.npmjs.org/timeout-refresh/-/timeout-refresh-2.0.1.tgz",
      "integrity": "sha512-SVqEcMZBsZF9mA78rjzCrYrUs37LMJk3ShZ851ygZYW1cMeIjs9mL57KO6Iv5mmjSQnOe/29/VAfGXo+oRCiVw=="
    },
    "node_modules/xache": {
      "version": "1.2.0",
      "resolved": "https://registry.npmjs.org/xache/-/xache-1.2.0.tgz",
      "integrity": "sha512-AiWCGTrnsh//rrbJt8DLbDkDW8eLp1Ktkq0nTWzpE+FKCY35oeqLjtz+LNb4abMnjfTgL0ZBaSwzhgzan1ocEw=="
    },
    "node_modules/xsalsa20": {
      "version": "1.2.0",
      "resolved": "https://registry.npmjs.org/xsalsa20/-/xsalsa20-1.2.0.tgz",
      "integrity": "sha512-FIr/DEeoHfj7ftfylnoFt3rAIRoWXpx2AoDfrT2qD2wtp7Dp+COajvs/Icb7uHqRW9m60f5iXZwdsJJO3kvb7w=="
    },
    "node_modules/z32": {
      "version": "1.0.1",
      "resolved": "https://registry.npmjs.org/z32/-/z32-1.0.1.tgz",
      "integrity": "sha512-Uytfqf6VEVchHKZDw0NRdCViOARHP84uzvOw0CXCMLOwhgHZUL9XibpEPLLQN10mCVLxOlGCQWbkV7km7yNYcw==",
      "dependencies": {
        "b4a": "^1.5.3"
      }
    }
  }
}
